<Solution>
    <Configurations>
        <Platform Name="Any CPU" />
        <Platform Name="x64" />
        <Platform Name="x86" />
    </Configurations>
    <Folder Name="/packages/">
        <Project Path="packages/Dorn.Messaging.Contracts/Dorn.Messaging.Contracts.csproj" />
        <Project Path="packages/Dorn.Messaging/Dorn.Messaging.csproj" />
        <Project Path="packages/Dorn.SharedKernel/Dorn.SharedKernel.csproj" />
    </Folder>
    <Folder Name="/src/">
        <Project Path="src/Dorn.Abstractions/Dorn.Abstractions.csproj" />
        <Project Path="src/Dorn.Cli/Dorn.Cli.csproj" />
        <Project Path="src/Dorn.Core/Dorn.Core.csproj" />
    </Folder>
    <Folder Name="/templates/" />
    <Folder Name="/templates/blazor/">
        <Project Path="templates/blazor/wasm/src/CleanArchBlazorWasm.AppHost/CleanArchBlazorWasm.AppHost.csproj" />
        <Project Path="templates/blazor/wasm/src/CleanArchBlazorWasm.Web/CleanArchBlazorWasm.Web.csproj" />
        <Project Path="templates/blazor/wasm/tests/CleanArchBlazorWasm.Application.Tests/CleanArchBlazorWasm.Application.Tests.csproj" />
        <Project Path="templates/blazor/wasm/tests/CleanArchBlazorWasm.Architecture.Tests/CleanArchBlazorWasm.Architecture.Tests.csproj" />
        <Project Path="templates/blazor/wasm/tests/CleanArchBlazorWasm.Functional.Tests/CleanArchBlazorWasm.Functional.Tests.csproj" />
        <Project Path="templates/blazor/wasm/tests/CleanArchBlazorWasm.Integration.Tests/CleanArchBlazorWasm.Integration.Tests.csproj" />
        <Project Path="templates/blazor/server/src/CleanArchBlazorServer.AppHost/CleanArchBlazorServer.AppHost.csproj" />
        <Project Path="templates/blazor/server/src/CleanArchBlazorServer.ServiceDefaults/CleanArchBlazorServer.ServiceDefaults.csproj" />
        <Project Path="templates/blazor/server/src/CleanArchBlazorServer.Web/CleanArchBlazorServer.Web.csproj" />
        <Project Path="templates/blazor/server/tests/CleanArchBlazorServer.Integration.Tests/CleanArchBlazorServer.Integration.Tests.csproj" />
    </Folder>
    <Folder Name="/templates/grpc/">
        <Project Path="templates/grpc/src/CleanArchGrpcService.AppHost/CleanArchGrpcService.AppHost.csproj" />
        <Project Path="templates/grpc/src/CleanArchGrpcService.Application/CleanArchGrpcService.Application.csproj" />
        <Project Path="templates/grpc/src/CleanArchGrpcService.Domain/CleanArchGrpcService.Domain.csproj" />
        <Project Path="templates/grpc/src/CleanArchGrpcService.Grpc/CleanArchGrpcService.Grpc.csproj" />
        <Project Path="templates/grpc/src/CleanArchGrpcService.Infrastructure/CleanArchGrpcService.Infrastructure.csproj" />
        <Project Path="templates/grpc/src/CleanArchGrpcService.ServiceDefaults/CleanArchGrpcService.ServiceDefaults.csproj" />
        <Project Path="templates/grpc/tests/CleanArchGrpcService.Application.Tests/CleanArchGrpcService.Application.Tests.csproj" />
        <Project Path="templates/grpc/tests/CleanArchGrpcService.Architecture.Tests/CleanArchGrpcService.Architecture.Tests.csproj" />
        <Project Path="templates/grpc/tests/CleanArchGrpcService.Functional.Tests/CleanArchGrpcService.Functional.Tests.csproj" />
        <Project Path="templates/grpc/tests/CleanArchGrpcService.Integration.Tests/CleanArchGrpcService.Integration.Tests.csproj" />
    </Folder>
    <Folder Name="/templates/worker/">
        <Project Path="templates/worker/src/CleanArchWorkerService.AppHost/CleanArchWorkerService.AppHost.csproj" />
        <Project Path="templates/worker/src/CleanArchWorkerService.Application/CleanArchWorkerService.Application.csproj" />
        <Project Path="templates/worker/src/CleanArchWorkerService.Domain/CleanArchWorkerService.Domain.csproj" />
        <Project Path="templates/worker/src/CleanArchWorkerService.Infrastructure/CleanArchWorkerService.Infrastructure.csproj" />
        <Project Path="templates/worker/src/CleanArchWorkerService.ServiceDefaults/CleanArchWorkerService.ServiceDefaults.csproj" />
        <Project Path="templates/worker/src/CleanArchWorkerService.Worker/CleanArchWorkerService.Worker.csproj" />
        <Project Path="templates/worker/tests/CleanArchWorkerService.Application.Tests/CleanArchWorkerService.Application.Tests.csproj" />
        <Project Path="templates/worker/tests/CleanArchWorkerService.Architecture.Tests/CleanArchWorkerService.Architecture.Tests.csproj" />
        <Project Path="templates/worker/tests/CleanArchWorkerService.Functional.Tests/CleanArchWorkerService.Functional.Tests.csproj" />
        <Project Path="templates/worker/tests/CleanArchWorkerService.Integration.Tests/CleanArchWorkerService.Integration.Tests.csproj" />
    </Folder>
    <Folder Name="/templates/tests/">
        <Project Path="templates/tests/TemplateGenerationTests.csproj" />
    </Folder>
    <Folder Name="/templates/webapi/">
        <Project Path="templates/webapi/src/CleanArchWebApi.AppHost/CleanArchWebApi.AppHost.csproj" />
        <Project Path="templates/webapi/src/CleanArchWebApi.Application/CleanArchWebApi.Application.csproj" />
        <Project Path="templates/webapi/src/CleanArchWebApi.Domain/CleanArchWebApi.Domain.csproj" />
        <Project Path="templates/webapi/src/CleanArchWebApi.Infrastructure/CleanArchWebApi.Infrastructure.csproj" />
        <Project Path="templates/webapi/src/CleanArchWebApi.ServiceDefaults/CleanArchWebApi.ServiceDefaults.csproj" />
        <Project Path="templates/webapi/src/CleanArchWebApi.WebApi/CleanArchWebApi.WebApi.csproj" />
        <Project Path="templates/webapi/tests/CleanArchWebApi.Application.Tests/CleanArchWebApi.Application.Tests.csproj" />
        <Project Path="templates/webapi/tests/CleanArchWebApi.Architecture.Tests/CleanArchWebApi.Architecture.Tests.csproj" />
        <Project Path="templates/webapi/tests/CleanArchWebApi.Functional.Tests/CleanArchWebApi.Functional.Tests.csproj" />
        <Project Path="templates/webapi/tests/CleanArchWebApi.Integration.Tests/CleanArchWebApi.Integration.Tests.csproj" />
    </Folder>
    <Folder Name="/tests/">
        <Project Path="tests/Dorn.Cli.Tests/Dorn.Cli.Tests.csproj" />
        <Project Path="tests/Dorn.Core.Tests/Dorn.Core.Tests.csproj" />
    </Folder>
</Solution>
