
Microsoft Visual Studio Solution File, Format Version 12.00
# Visual Studio Version 17
VisualStudioVersion = 17.11.35222.181
MinimumVisualStudioVersion = 10.0.40219.1
Project("{2150E333-8FDC-42A3-9474-1A3956D46DE8}") = "src", "src", "{3B83316A-92B5-4939-84B9-57CB0E503F19}"
EndProject
Project("{2150E333-8FDC-42A3-9474-1A3956D46DE8}") = "tests", "tests", "{1BCCB713-8605-483B-95E9-A45BDD4E9F78}"
EndProject
Project("{2150E333-8FDC-42A3-9474-1A3956D46DE8}") = "packages", "packages", "{3CD788BD-ECBC-4DA0-850A-F2FF2A72FA69}"
EndProject
Project("{2150E333-8FDC-42A3-9474-1A3956D46DE8}") = "templates", "templates", "{06D174A2-0D0F-4D20-9E74-58F8C747B9B6}"
EndProject
Project("{2150E333-8FDC-42A3-9474-1A3956D46DE8}") = "webapi", "webapi", "{C87738AD-84F4-41DD-A072-F6D5A04731E5}"
EndProject
Project("{FAE04EC0-301F-11D3-BF4B-00C04F79EFBC}") = "Dorn.Abstractions", "src\Dorn.Abstractions\Dorn.Abstractions.csproj", "{97F68ED2-E002-4002-8D31-24C6FE165A3B}"
EndProject
Project("{FAE04EC0-301F-11D3-BF4B-00C04F79EFBC}") = "Dorn.Core", "src\Dorn.Core\Dorn.Core.csproj", "{DCA86DF7-0EF4-4286-86F5-0B0EFBA1A93F}"
EndProject
Project("{FAE04EC0-301F-11D3-BF4B-00C04F79EFBC}") = "Dorn.Cli", "src\Dorn.Cli\Dorn.Cli.csproj", "{B146B08F-FBDB-4707-AAE8-AAD98DE9B8A0}"
EndProject
Project("{FAE04EC0-301F-11D3-BF4B-00C04F79EFBC}") = "CleanArchWebApi.Domain", "templates\webapi\src\CleanArchWebApi.Domain\CleanArchWebApi.Domain.csproj", "{519E69A7-4954-4CDE-BA1B-9241FD1089AD}"
EndProject
Project("{FAE04EC0-301F-11D3-BF4B-00C04F79EFBC}") = "CleanArchWebApi.Application", "templates\webapi\src\CleanArchWebApi.Application\CleanArchWebApi.Application.csproj", "{21107A38-EC15-4AD5-BD67-ED13B53B6D8A}"
EndProject
Project("{FAE04EC0-301F-11D3-BF4B-00C04F79EFBC}") = "CleanArchWebApi.Infrastructure", "templates\webapi\src\CleanArchWebApi.Infrastructure\CleanArchWebApi.Infrastructure.csproj", "{75007A00-5490-4AF7-923F-B7FBF97DAABE}"
EndProject
Project("{FAE04EC0-301F-11D3-BF4B-00C04F79EFBC}") = "CleanArchWebApi.WebApi", "templates\webapi\src\CleanArchWebApi.WebApi\CleanArchWebApi.WebApi.csproj", "{3F54E52A-7C59-4206-AF8D-B474CC70B05A}"
EndProject
Project("{FAE04EC0-301F-11D3-BF4B-00C04F79EFBC}") = "CleanArchWebApi.Application.Tests", "templates\webapi\tests\CleanArchWebApi.Application.Tests\CleanArchWebApi.Application.Tests.csproj", "{D561608B-AA19-456F-8B3F-0F0840C732CB}"
EndProject
Project("{FAE04EC0-301F-11D3-BF4B-00C04F79EFBC}") = "Dorn.Core.Tests", "tests\Dorn.Core.Tests\Dorn.Core.Tests.csproj", "{71F7B1C2-B22E-405A-81B7-D0F4BBE9F07B}"
EndProject
Project("{FAE04EC0-301F-11D3-BF4B-00C04F79EFBC}") = "Dorn.Cli.Tests", "tests\Dorn.Cli.Tests\Dorn.Cli.Tests.csproj", "{B3A7BF4B-A5FE-4602-9816-F72520D2658C}"
EndProject
Project("{FAE04EC0-301F-11D3-BF4B-00C04F79EFBC}") = "Templates.Tests", "tests\Templates.Tests\Templates.Tests.csproj", "{86BDBA1B-F6B8-40CF-824C-ECC178942DEE}"
EndProject
Project("{FAE04EC0-301F-11D3-BF4B-00C04F79EFBC}") = "Dorn.Messaging.Contracts", "packages\Dorn.Messaging.Contracts\Dorn.Messaging.Contracts.csproj", "{E72E8799-8860-4496-9295-66D5A92B4AC9}"
EndProject
Project("{FAE04EC0-301F-11D3-BF4B-00C04F79EFBC}") = "Dorn.Messaging", "packages\Dorn.Messaging\Dorn.Messaging.csproj", "{62D4F893-FD61-4D98-BF1A-C471C5775BA2}"
EndProject
Project("{FAE04EC0-301F-11D3-BF4B-00C04F79EFBC}") = "Dorn.SharedKernel", "packages\Dorn.SharedKernel\Dorn.SharedKernel.csproj", "{6C3BC939-271C-4604-9CA1-6B7FDBCCC204}"
EndProject
EndProject
EndProject
Global
	GlobalSection(SolutionConfigurationPlatforms) = preSolution
		Debug|Any CPU = Debug|Any CPU
		Release|Any CPU = Release|Any CPU
	EndGlobalSection
	GlobalSection(ProjectConfigurationPlatforms) = postSolution
		{97F68ED2-E002-4002-8D31-24C6FE165A3B}.Debug|Any CPU.ActiveCfg = Debug|Any CPU
		{97F68ED2-E002-4002-8D31-24C6FE165A3B}.Debug|Any CPU.Build.0 = Debug|Any CPU
		{97F68ED2-E002-4002-8D31-24C6FE165A3B}.Release|Any CPU.ActiveCfg = Release|Any CPU
		{97F68ED2-E002-4002-8D31-24C6FE165A3B}.Release|Any CPU.Build.0 = Release|Any CPU
		{DCA86DF7-0EF4-4286-86F5-0B0EFBA1A93F}.Debug|Any CPU.ActiveCfg = Debug|Any CPU
		{DCA86DF7-0EF4-4286-86F5-0B0EFBA1A93F}.Debug|Any CPU.Build.0 = Debug|Any CPU
		{DCA86DF7-0EF4-4286-86F5-0B0EFBA1A93F}.Release|Any CPU.ActiveCfg = Release|Any CPU
		{DCA86DF7-0EF4-4286-86F5-0B0EFBA1A93F}.Release|Any CPU.Build.0 = Release|Any CPU
		{B146B08F-FBDB-4707-AAE8-AAD98DE9B8A0}.Debug|Any CPU.ActiveCfg = Debug|Any CPU
		{B146B08F-FBDB-4707-AAE8-AAD98DE9B8A0}.Debug|Any CPU.Build.0 = Debug|Any CPU
		{B146B08F-FBDB-4707-AAE8-AAD98DE9B8A0}.Release|Any CPU.ActiveCfg = Release|Any CPU
		{B146B08F-FBDB-4707-AAE8-AAD98DE9B8A0}.Release|Any CPU.Build.0 = Release|Any CPU
		{519E69A7-4954-4CDE-BA1B-9241FD1089AD}.Debug|Any CPU.ActiveCfg = Debug|Any CPU
		{519E69A7-4954-4CDE-BA1B-9241FD1089AD}.Debug|Any CPU.Build.0 = Debug|Any CPU
		{519E69A7-4954-4CDE-BA1B-9241FD1089AD}.Release|Any CPU.ActiveCfg = Release|Any CPU
		{519E69A7-4954-4CDE-BA1B-9241FD1089AD}.Release|Any CPU.Build.0 = Release|Any CPU
		{21107A38-EC15-4AD5-BD67-ED13B53B6D8A}.Debug|Any CPU.ActiveCfg = Debug|Any CPU
		{21107A38-EC15-4AD5-BD67-ED13B53B6D8A}.Debug|Any CPU.Build.0 = Debug|Any CPU
		{21107A38-EC15-4AD5-BD67-ED13B53B6D8A}.Release|Any CPU.ActiveCfg = Release|Any CPU
		{21107A38-EC15-4AD5-BD67-ED13B53B6D8A}.Release|Any CPU.Build.0 = Release|Any CPU
		{75007A00-5490-4AF7-923F-B7FBF97DAABE}.Debug|Any CPU.ActiveCfg = Debug|Any CPU
		{75007A00-5490-4AF7-923F-B7FBF97DAABE}.Debug|Any CPU.Build.0 = Debug|Any CPU
		{75007A00-5490-4AF7-923F-B7FBF97DAABE}.Release|Any CPU.ActiveCfg = Release|Any CPU
		{75007A00-5490-4AF7-923F-B7FBF97DAABE}.Release|Any CPU.Build.0 = Release|Any CPU
		{3F54E52A-7C59-4206-AF8D-B474CC70B05A}.Debug|Any CPU.ActiveCfg = Debug|Any CPU
		{3F54E52A-7C59-4206-AF8D-B474CC70B05A}.Debug|Any CPU.Build.0 = Debug|Any CPU
		{3F54E52A-7C59-4206-AF8D-B474CC70B05A}.Release|Any CPU.ActiveCfg = Release|Any CPU
		{3F54E52A-7C59-4206-AF8D-B474CC70B05A}.Release|Any CPU.Build.0 = Release|Any CPU
		{D561608B-AA19-456F-8B3F-0F0840C732CB}.Debug|Any CPU.ActiveCfg = Debug|Any CPU
		{D561608B-AA19-456F-8B3F-0F0840C732CB}.Debug|Any CPU.Build.0 = Debug|Any CPU
		{D561608B-AA19-456F-8B3F-0F0840C732CB}.Release|Any CPU.ActiveCfg = Release|Any CPU
		{D561608B-AA19-456F-8B3F-0F0840C732CB}.Release|Any CPU.Build.0 = Release|Any CPU
		{71F7B1C2-B22E-405A-81B7-D0F4BBE9F07B}.Debug|Any CPU.ActiveCfg = Debug|Any CPU
		{71F7B1C2-B22E-405A-81B7-D0F4BBE9F07B}.Debug|Any CPU.Build.0 = Debug|Any CPU
		{71F7B1C2-B22E-405A-81B7-D0F4BBE9F07B}.Release|Any CPU.ActiveCfg = Release|Any CPU
		{71F7B1C2-B22E-405A-81B7-D0F4BBE9F07B}.Release|Any CPU.Build.0 = Release|Any CPU
		{B3A7BF4B-A5FE-4602-9816-F72520D2658C}.Debug|Any CPU.ActiveCfg = Debug|Any CPU
		{B3A7BF4B-A5FE-4602-9816-F72520D2658C}.Debug|Any CPU.Build.0 = Debug|Any CPU
		{B3A7BF4B-A5FE-4602-9816-F72520D2658C}.Release|Any CPU.ActiveCfg = Release|Any CPU
		{B3A7BF4B-A5FE-4602-9816-F72520D2658C}.Release|Any CPU.Build.0 = Release|Any CPU
		{86BDBA1B-F6B8-40CF-824C-ECC178942DEE}.Debug|Any CPU.ActiveCfg = Debug|Any CPU
		{86BDBA1B-F6B8-40CF-824C-ECC178942DEE}.Debug|Any CPU.Build.0 = Debug|Any CPU
		{86BDBA1B-F6B8-40CF-824C-ECC178942DEE}.Release|Any CPU.ActiveCfg = Release|Any CPU
		{86BDBA1B-F6B8-40CF-824C-ECC178942DEE}.Release|Any CPU.Build.0 = Release|Any CPU
		{E72E8799-8860-4496-9295-66D5A92B4AC9}.Debug|Any CPU.ActiveCfg = Debug|Any CPU
		{E72E8799-8860-4496-9295-66D5A92B4AC9}.Debug|Any CPU.Build.0 = Debug|Any CPU
		{E72E8799-8860-4496-9295-66D5A92B4AC9}.Release|Any CPU.ActiveCfg = Release|Any CPU
		{E72E8799-8860-4496-9295-66D5A92B4AC9}.Release|Any CPU.Build.0 = Release|Any CPU
		{62D4F893-FD61-4D98-BF1A-C471C5775BA2}.Debug|Any CPU.ActiveCfg = Debug|Any CPU
		{62D4F893-FD61-4D98-BF1A-C471C5775BA2}.Debug|Any CPU.Build.0 = Debug|Any CPU
		{62D4F893-FD61-4D98-BF1A-C471C5775BA2}.Release|Any CPU.ActiveCfg = Release|Any CPU
		{62D4F893-FD61-4D98-BF1A-C471C5775BA2}.Release|Any CPU.Build.0 = Release|Any CPU
		{6C3BC939-271C-4604-9CA1-6B7FDBCCC204}.Debug|Any CPU.ActiveCfg = Debug|Any CPU
		{6C3BC939-271C-4604-9CA1-6B7FDBCCC204}.Debug|Any CPU.Build.0 = Debug|Any CPU
		{6C3BC939-271C-4604-9CA1-6B7FDBCCC204}.Release|Any CPU.ActiveCfg = Release|Any CPU
		{6C3BC939-271C-4604-9CA1-6B7FDBCCC204}.Release|Any CPU.Build.0 = Release|Any CPU
	EndGlobalSection
	GlobalSection(SolutionProperties) = preSolution
		HideSolutionNode = FALSE
	EndGlobalSection
	GlobalSection(NestedProjects) = preSolution
		{C87738AD-84F4-41DD-A072-F6D5A04731E5} = {06D174A2-0D0F-4D20-9E74-58F8C747B9B6}
		{97F68ED2-E002-4002-8D31-24C6FE165A3B} = {3B83316A-92B5-4939-84B9-57CB0E503F19}
		{DCA86DF7-0EF4-4286-86F5-0B0EFBA1A93F} = {3B83316A-92B5-4939-84B9-57CB0E503F19}
		{B146B08F-FBDB-4707-AAE8-AAD98DE9B8A0} = {3B83316A-92B5-4939-84B9-57CB0E503F19}
		{519E69A7-4954-4CDE-BA1B-9241FD1089AD} = {C87738AD-84F4-41DD-A072-F6D5A04731E5}
		{21107A38-EC15-4AD5-BD67-ED13B53B6D8A} = {C87738AD-84F4-41DD-A072-F6D5A04731E5}
		{75007A00-5490-4AF7-923F-B7FBF97DAABE} = {C87738AD-84F4-41DD-A072-F6D5A04731E5}
		{3F54E52A-7C59-4206-AF8D-B474CC70B05A} = {C87738AD-84F4-41DD-A072-F6D5A04731E5}
		{D561608B-AA19-456F-8B3F-0F0840C732CB} = {C87738AD-84F4-41DD-A072-F6D5A04731E5}
		{71F7B1C2-B22E-405A-81B7-D0F4BBE9F07B} = {1BCCB713-8605-483B-95E9-A45BDD4E9F78}
		{B3A7BF4B-A5FE-4602-9816-F72520D2658C} = {1BCCB713-8605-483B-95E9-A45BDD4E9F78}
		{86BDBA1B-F6B8-40CF-824C-ECC178942DEE} = {1BCCB713-8605-483B-95E9-A45BDD4E9F78}
		{E72E8799-8860-4496-9295-66D5A92B4AC9} = {3CD788BD-ECBC-4DA0-850A-F2FF2A72FA69}
		{62D4F893-FD61-4D98-BF1A-C471C5775BA2} = {3CD788BD-ECBC-4DA0-850A-F2FF2A72FA69}
		{6C3BC939-271C-4604-9CA1-6B7FDBCCC204} = {3CD788BD-ECBC-4DA0-850A-F2FF2A72FA69}
	EndGlobalSection
EndGlobal
