Microsoft Visual Studio Solution File, Format Version 12.00
# Visual Studio Version 17
VisualStudioVersion = 17.11.35222.181
MinimumVisualStudioVersion = 10.0.40219.1
Project("{FAE04EC0-301F-11D3-BF4B-00C04F79EFBC}") = "CleanArchWebApi.Domain", "src\CleanArchWebApi.Domain\CleanArchWebApi.Domain.csproj", "{519E69A7-4954-4CDE-BA1B-9241FD1089AD}"
EndProject
Project("{FAE04EC0-301F-11D3-BF4B-00C04F79EFBC}") = "CleanArchWebApi.Application", "src\CleanArchWebApi.Application\CleanArchWebApi.Application.csproj", "{21107A38-EC15-4AD5-BD67-ED13B53B6D8A}"
EndProject
Project("{FAE04EC0-301F-11D3-BF4B-00C04F79EFBC}") = "CleanArchWebApi.Infrastructure", "src\CleanArchWebApi.Infrastructure\CleanArchWebApi.Infrastructure.csproj", "{75007A00-5490-4AF7-923F-B7FBF97DAABE}"
EndProject
Project("{FAE04EC0-301F-11D3-BF4B-00C04F79EFBC}") = "CleanArchWebApi.WebApi", "src\CleanArchWebApi.WebApi\CleanArchWebApi.WebApi.csproj", "{3F54E52A-7C59-4206-AF8D-B474CC70B05A}"
EndProject
Project("{FAE04EC0-301F-11D3-BF4B-00C04F79EFBC}") = "CleanArchWebApi.Application.Tests", "tests\CleanArchWebApi.Application.Tests\CleanArchWebApi.Application.Tests.csproj", "{D561608B-AA19-456F-8B3F-0F0840C732CB}"
EndProject
Global
	GlobalSection(SolutionConfigurationPlatforms) = preSolution
		Debug|Any CPU = Debug|Any CPU
		Release|Any CPU = Release|Any CPU
	EndGlobalSection
	GlobalSection(ProjectConfigurationPlatforms) = postSolution
		{519E69A7-4954-4CDE-BA1B-9241FD1089AD}.Debug|Any CPU.ActiveCfg = Debug|Any CPU
		{519E69A7-4954-4CDE-BA1B-9241FD1089AD}.Debug|Any CPU.Build.0 = Debug|Any CPU
		{519E69A7-4954-4CDE-BA1B-9241FD1089AD}.Release|Any CPU.ActiveCfg = Release|Any CPU
		{519E69A7-4954-4CDE-BA1B-9241FD1089AD}.Release|Any CPU.Build.0 = Release|Any CPU
		{21107A38-EC15-4AD5-BD67-ED13B53B6D8A}.Debug|Any CPU.ActiveCfg = Debug|Any CPU
		{21107A38-EC15-4AD5-BD67-ED13B53B6D8A}.Debug|Any CPU.Build.0 = Debug|Any CPU
		{21107A38-EC15-4AD5-BD67-ED13B53B6D8A}.Release|Any CPU.ActiveCfg = Release|Any CPU
		{21107A38-EC15-4AD5-BD67-ED13B53B6D8A}.Release|Any CPU.Build.0 = Release|Any CPU
		{75007A00-5490-4AF7-923F-B7FBF97DAABE}.Debug|Any CPU.ActiveCfg = Debug|Any CPU
		{75007A00-5490-4AF7-923F-B7FBF97DAABE}.Debug|Any CPU.Build.0 = Debug|Any CPU
		{75007A00-5490-4AF7-923F-B7FBF97DAABE}.Release|Any CPU.ActiveCfg = Release|Any CPU
		{75007A00-5490-4AF7-923F-B7FBF97DAABE}.Release|Any CPU.Build.0 = Release|Any CPU
		{3F54E52A-7C59-4206-AF8D-B474CC70B05A}.Debug|Any CPU.ActiveCfg = Debug|Any CPU
		{3F54E52A-7C59-4206-AF8D-B474CC70B05A}.Debug|Any CPU.Build.0 = Debug|Any CPU
		{3F54E52A-7C59-4206-AF8D-B474CC70B05A}.Release|Any CPU.ActiveCfg = Release|Any CPU
		{3F54E52A-7C59-4206-AF8D-B474CC70B05A}.Release|Any CPU.Build.0 = Release|Any CPU
		{D561608B-AA19-456F-8B3F-0F0840C732CB}.Debug|Any CPU.ActiveCfg = Debug|Any CPU
		{D561608B-AA19-456F-8B3F-0F0840C732CB}.Debug|Any CPU.Build.0 = Debug|Any CPU
		{D561608B-AA19-456F-8B3F-0F0840C732CB}.Release|Any CPU.ActiveCfg = Release|Any CPU
		{D561608B-AA19-456F-8B3F-0F0840C732CB}.Release|Any CPU.Build.0 = Release|Any CPU
	EndGlobalSection
	GlobalSection(SolutionProperties) = preSolution
		HideSolutionNode = FALSE
	EndGlobalSection
EndGlobal
